
Microsoft Visual Studio Solution File, Format Version 12.00
# Visual Studio Version 17
VisualStudioVersion = 17.10.35122.118
MinimumVisualStudioVersion = 10.0.40219.1
Project("{FAE04EC0-301F-11D3-BF4B-00C04F79EFBC}") = "ProjetoFinal", "ProjetoFinal.csproj", "{A4D59D44-6918-442F-9EC8-EA8B4E5F2E18}"
EndProject
Global
	GlobalSection(SolutionConfigurationPlatforms) = preSolution
		Debug|Any CPU = Debug|Any CPU
		Release|Any CPU = Release|Any CPU
	EndGlobalSection
	GlobalSection(ProjectConfigurationPlatforms) = postSolution
		{A4D59D44-6918-442F-9EC8-EA8B4E5F2E18}.Debug|Any CPU.ActiveCfg = Debug|Any CPU
		{A4D59D44-6918-442F-9EC8-EA8B4E5F2E18}.Debug|Any CPU.Build.0 = Debug|Any CPU
		{A4D59D44-6918-442F-9EC8-EA8B4E5F2E18}.Release|Any CPU.ActiveCfg = Release|Any CPU
		{A4D59D44-6918-442F-9EC8-EA8B4E5F2E18}.Release|Any CPU.Build.0 = Release|Any CPU
	EndGlobalSection
	GlobalSection(SolutionProperties) = preSolution
		HideSolutionNode = FALSE
	EndGlobalSection
	GlobalSection(ExtensibilityGlobals) = postSolution
		SolutionGuid = {EBE4219D-419D-4880-885C-35BF3F9D0594}
	EndGlobalSection
EndGlobal
